
Microsoft Visual Studio Solution File, Format Version 12.00
# Visual Studio Version 16
VisualStudioVersion = 16.0.29911.84
MinimumVisualStudioVersion = 10.0.40219.1
Project("{FAE04EC0-301F-11D3-BF4B-00C04F79EFBC}") = "WebApplication", "WebApplication.csproj", "{8F1DFE8F-AFF3-448C-9D32-C09D3143BF0E}"
EndProject
Global
	GlobalSection(SolutionConfigurationPlatforms) = preSolution
		Debug|Any CPU = Debug|Any CPU
		Release|Any CPU = Release|Any CPU
	EndGlobalSection
	GlobalSection(ProjectConfigurationPlatforms) = postSolution
		{8F1DFE8F-AFF3-448C-9D32-C09D3143BF0E}.Debug|Any CPU.ActiveCfg = Debug|Any CPU
		{8F1DFE8F-AFF3-448C-9D32-C09D3143BF0E}.Debug|Any CPU.Build.0 = Debug|Any CPU
		{8F1DFE8F-AFF3-448C-9D32-C09D3143BF0E}.Release|Any CPU.ActiveCfg = Release|Any CPU
		{8F1DFE8F-AFF3-448C-9D32-C09D3143BF0E}.Release|Any CPU.Build.0 = Release|Any CPU
	EndGlobalSection
	GlobalSection(SolutionProperties) = preSolution
		HideSolutionNode = FALSE
	EndGlobalSection
	GlobalSection(ExtensibilityGlobals) = postSolution
		SolutionGuid = {09AB9389-BA2B-47A9-AC93-C2A40138DEF8}
	EndGlobalSection
EndGlobal
